
Microsoft Visual Studio Solution File, Format Version 12.00
# Visual Studio Version 17
VisualStudioVersion = 17.7.34024.191
MinimumVisualStudioVersion = 10.0.40219.1
Project("{FAE04EC0-301F-11D3-BF4B-00C04F79EFBC}") = "SwishBookWeb", "SwishBookWeb\SwishBookWeb.csproj", "{EDF30C59-AEF8-48F8-B8E3-D2605E199C75}"
EndProject
Global
	GlobalSection(SolutionConfigurationPlatforms) = preSolution
		Debug|Any CPU = Debug|Any CPU
		Release|Any CPU = Release|Any CPU
	EndGlobalSection
	GlobalSection(ProjectConfigurationPlatforms) = postSolution
		{EDF30C59-AEF8-48F8-B8E3-D2605E199C75}.Debug|Any CPU.ActiveCfg = Debug|Any CPU
		{EDF30C59-AEF8-48F8-B8E3-D2605E199C75}.Debug|Any CPU.Build.0 = Debug|Any CPU
		{EDF30C59-AEF8-48F8-B8E3-D2605E199C75}.Release|Any CPU.ActiveCfg = Release|Any CPU
		{EDF30C59-AEF8-48F8-B8E3-D2605E199C75}.Release|Any CPU.Build.0 = Release|Any CPU
	EndGlobalSection
	GlobalSection(SolutionProperties) = preSolution
		HideSolutionNode = FALSE
	EndGlobalSection
	GlobalSection(ExtensibilityGlobals) = postSolution
		SolutionGuid = {7320795E-C0DF-4033-9335-2F89962CF243}
	EndGlobalSection
EndGlobal
